# Generated by buf. DO NOT EDIT.
version: v1
deps:
  - remote: buf.build
    owner: googleapis
    repository: googleapis
    branch: main
    commit: 7ca403f4ad60451db401bdb11ee285f4
    digest: b1-1sBQbrQcf6ZoDLMx3Cdoz4xq0TgP_WqaoJfH4rUBrSs=
    create_time: 2022-03-21T15:08:22.5169Z
  - remote: buf.build
    owner: grpc-ecosystem
    repository: grpc-gateway
    branch: main
    commit: f85c60ac38544f2d8f346491c9d916e5
    digest: b1-qqV9hYsmYDGNXfic_Vap4lKVarQS4-RGAllaxwnTljM=
    create_time: 2022-03-21T20:28:59.8282Z
